
Microsoft Visual Studio Solution File, Format Version 11.00
# Visual Studio 2010
Project("{FAE04EC0-301F-11D3-BF4B-00C04F79EFBC}") = "Procedural_Cave_Generation", "Assembly-CSharp.csproj", "{ACAF4FB2-6E1A-F636-55E3-198DAA795186}"
EndProject
Global
	GlobalSection(SolutionConfigurationPlatforms) = preSolution
		Debug|Any CPU = Debug|Any CPU
		Release|Any CPU = Release|Any CPU
	EndGlobalSection
	GlobalSection(ProjectConfigurationPlatforms) = postSolution
		{ACAF4FB2-6E1A-F636-55E3-198DAA795186}.Debug|Any CPU.ActiveCfg = Debug|Any CPU
		{ACAF4FB2-6E1A-F636-55E3-198DAA795186}.Debug|Any CPU.Build.0 = Debug|Any CPU
		{ACAF4FB2-6E1A-F636-55E3-198DAA795186}.Release|Any CPU.ActiveCfg = Release|Any CPU
		{ACAF4FB2-6E1A-F636-55E3-198DAA795186}.Release|Any CPU.Build.0 = Release|Any CPU
	EndGlobalSection
	GlobalSection(SolutionProperties) = preSolution
		HideSolutionNode = FALSE
	EndGlobalSection
	GlobalSection(MonoDevelopProperties) = preSolution
		StartupItem = Assembly-CSharp.csproj
	EndGlobalSection
EndGlobal
